
Microsoft Visual Studio Solution File, Format Version 12.00
# Visual Studio Version 17
VisualStudioVersion = 17.13.35931.197
MinimumVisualStudioVersion = 10.0.40219.1
Project("{9A19103F-16F7-4668-BE54-9A1E7A4F7556}") = "Pagos_colegio_Web", "Pagos_colegio_Web\Pagos_colegio_Web.csproj", "{C2D62E83-E323-7D0E-A8E8-E6BF55288E5B}"
EndProject
Project("{9A19103F-16F7-4668-BE54-9A1E7A4F7556}") = "pagos_colegio_Core", "pagos_colegio_Domain\pagos_colegio_Core.csproj", "{718B796D-951F-390C-52B3-FA813C1E8511}"
EndProject
Global
	GlobalSection(SolutionConfigurationPlatforms) = preSolution
		Debug|Any CPU = Debug|Any CPU
		Release|Any CPU = Release|Any CPU
	EndGlobalSection
	GlobalSection(ProjectConfigurationPlatforms) = postSolution
		{C2D62E83-E323-7D0E-A8E8-E6BF55288E5B}.Debug|Any CPU.ActiveCfg = Debug|Any CPU
		{C2D62E83-E323-7D0E-A8E8-E6BF55288E5B}.Debug|Any CPU.Build.0 = Debug|Any CPU
		{C2D62E83-E323-7D0E-A8E8-E6BF55288E5B}.Release|Any CPU.ActiveCfg = Release|Any CPU
		{C2D62E83-E323-7D0E-A8E8-E6BF55288E5B}.Release|Any CPU.Build.0 = Release|Any CPU
		{718B796D-951F-390C-52B3-FA813C1E8511}.Debug|Any CPU.ActiveCfg = Debug|Any CPU
		{718B796D-951F-390C-52B3-FA813C1E8511}.Debug|Any CPU.Build.0 = Debug|Any CPU
		{718B796D-951F-390C-52B3-FA813C1E8511}.Release|Any CPU.ActiveCfg = Release|Any CPU
		{718B796D-951F-390C-52B3-FA813C1E8511}.Release|Any CPU.Build.0 = Release|Any CPU
	EndGlobalSection
	GlobalSection(SolutionProperties) = preSolution
		HideSolutionNode = FALSE
	EndGlobalSection
	GlobalSection(ExtensibilityGlobals) = postSolution
		SolutionGuid = {628704D5-AA9A-4EFE-BDE5-C024545EF224}
	EndGlobalSection
EndGlobal
